
Microsoft Visual Studio Solution File, Format Version 12.00
# Visual Studio 15
VisualStudioVersion = 15.0.28010.2050
MinimumVisualStudioVersion = 10.0.40219.1
Project("{FAE04EC0-301F-11D3-BF4B-00C04F79EFBC}") = "TJD09_ADOLFO_SAKATA_RAMPAGE", "TJD09_ADOLFO_SAKATA_RAMPAGE\TJD09_ADOLFO_SAKATA_RAMPAGE.csproj", "{094E4171-0094-41B8-A36B-2E01BE13310C}"
EndProject
Global
	GlobalSection(SolutionConfigurationPlatforms) = preSolution
		Debug|Any CPU = Debug|Any CPU
		Release|Any CPU = Release|Any CPU
	EndGlobalSection
	GlobalSection(ProjectConfigurationPlatforms) = postSolution
		{094E4171-0094-41B8-A36B-2E01BE13310C}.Debug|Any CPU.ActiveCfg = Debug|Any CPU
		{094E4171-0094-41B8-A36B-2E01BE13310C}.Debug|Any CPU.Build.0 = Debug|Any CPU
		{094E4171-0094-41B8-A36B-2E01BE13310C}.Release|Any CPU.ActiveCfg = Release|Any CPU
		{094E4171-0094-41B8-A36B-2E01BE13310C}.Release|Any CPU.Build.0 = Release|Any CPU
	EndGlobalSection
	GlobalSection(SolutionProperties) = preSolution
		HideSolutionNode = FALSE
	EndGlobalSection
	GlobalSection(ExtensibilityGlobals) = postSolution
		SolutionGuid = {28A0901F-6F08-41A4-954B-5976ABDD4099}
	EndGlobalSection
EndGlobal
